
Microsoft Visual Studio Solution File, Format Version 12.00
# Visual Studio Version 17
VisualStudioVersion = 17.14.36915.13 d17.14
MinimumVisualStudioVersion = 10.0.40219.1
Project("{FAE04EC0-301F-11D3-BF4B-00C04F79EFBC}") = "刷屏器", "刷屏器.csproj", "{518A84BC-9442-411D-BB14-F611B2C96CCA}"
EndProject
Global
	GlobalSection(SolutionConfigurationPlatforms) = preSolution
		Debug|Any CPU = Debug|Any CPU
		Release|Any CPU = Release|Any CPU
	EndGlobalSection
	GlobalSection(ProjectConfigurationPlatforms) = postSolution
		{518A84BC-9442-411D-BB14-F611B2C96CCA}.Debug|Any CPU.ActiveCfg = Debug|Any CPU
		{518A84BC-9442-411D-BB14-F611B2C96CCA}.Debug|Any CPU.Build.0 = Debug|Any CPU
		{518A84BC-9442-411D-BB14-F611B2C96CCA}.Release|Any CPU.ActiveCfg = Release|Any CPU
		{518A84BC-9442-411D-BB14-F611B2C96CCA}.Release|Any CPU.Build.0 = Release|Any CPU
	EndGlobalSection
	GlobalSection(SolutionProperties) = preSolution
		HideSolutionNode = FALSE
	EndGlobalSection
	GlobalSection(ExtensibilityGlobals) = postSolution
		SolutionGuid = {7B0CCBCD-CA83-4D82-BB7E-A45EDEE30AC4}
	EndGlobalSection
EndGlobal
